// !$*UTF8*$!
{
	archiveVersion = 1;
	classes = {
	};
	objectVersion = 46;
	objects = {

/* Begin PBXBuildFile section */
		2A7118361E20A443007892C7 /* AppDelegate.swift in Sources */ = {isa = PBXBuildFile; fileRef = 2A7118351E20A443007892C7 /* AppDelegate.swift */; };
		2A7118381E20A443007892C7 /* ViewController.swift in Sources */ = {isa = PBXBuildFile; fileRef = 2A7118371E20A443007892C7 /* ViewController.swift */; };
		2A71183B1E20A443007892C7 /* Main.storyboard in Resources */ = {isa = PBXBuildFile; fileRef = 2A7118391E20A443007892C7 /* Main.storyboard */; };
		2A71183D1E20A443007892C7 /* Assets.xcassets in Resources */ = {isa = PBXBuildFile; fileRef = 2A71183C1E20A443007892C7 /* Assets.xcassets */; };
		2A7118401E20A443007892C7 /* LaunchScreen.storyboard in Resources */ = {isa = PBXBuildFile; fileRef = 2A71183E1E20A443007892C7 /* LaunchScreen.storyboard */; };
		2A71184B1E20A444007892C7 /* The_Shop_AppTests.swift in Sources */ = {isa = PBXBuildFile; fileRef = 2A71184A1E20A444007892C7 /* The_Shop_AppTests.swift */; };
/* End PBXBuildFile section */

/* Begin PBXContainerItemProxy section */
		2A7118471E20A444007892C7 /* PBXContainerItemProxy */ = {
			isa = PBXContainerItemProxy;
			containerPortal = 2A71182A1E20A441007892C7 /* Project object */;
			proxyType = 1;
			remoteGlobalIDString = 2A7118311E20A442007892C7;
			remoteInfo = "The-Shop-App";
		};
/* End PBXContainerItemProxy section */

/* Begin PBXFileReference section */
		2A7118321E20A443007892C7 /* The-Shop-App.app */ = {isa = PBXFileReference; explicitFileType = wrapper.application; includeInIndex = 0; path = "The-Shop-App.app"; sourceTree = BUILT_PRODUCTS_DIR; };
		2A7118351E20A443007892C7 /* AppDelegate.swift */ = {isa = PBXFileReference; lastKnownFileType = sourcecode.swift; path = AppDelegate.swift; sourceTree = "<group>"; };
		2A7118371E20A443007892C7 /* ViewController.swift */ = {isa = PBXFileReference; lastKnownFileType = sourcecode.swift; path = ViewController.swift; sourceTree = "<group>"; };
		2A71183A1E20A443007892C7 /* Base */ = {isa = PBXFileReference; lastKnownFileType = file.storyboard; name = Base; path = Base.lproj/Main.storyboard; sourceTree = "<group>"; };
		2A71183C1E20A443007892C7 /* Assets.xcassets */ = {isa = PBXFileReference; lastKnownFileType = folder.assetcatalog; path = Assets.xcassets; sourceTree = "<group>"; };
		2A71183F1E20A443007892C7 /* Base */ = {isa = PBXFileReference; lastKnownFileType = file.storyboard; name = Base; path = Base.lproj/LaunchScreen.storyboard; sourceTree = "<group>"; };
		2A7118411E20A443007892C7 /* Info.plist */ = {isa = PBXFileReference; lastKnownFileType = text.plist.xml; path = Info.plist; sourceTree = "<group>"; };
		2A7118461E20A444007892C7 /* The-Shop-AppTests.xctest */ = {isa = PBXFileReference; explicitFileType = wrapper.cfbundle; includeInIndex = 0; path = "The-Shop-AppTests.xctest"; sourceTree = BUILT_PRODUCTS_DIR; };
		2A71184A1E20A444007892C7 /* The_Shop_AppTests.swift */ = {isa = PBXFileReference; lastKnownFileType = sourcecode.swift; path = The_Shop_AppTests.swift; sourceTree = "<group>"; };
		2A71184C1E20A444007892C7 /* Info.plist */ = {isa = PBXFileReference; lastKnownFileType = text.plist.xml; path = Info.plist; sourceTree = "<group>"; };
/* End PBXFileReference section */

/* Begin PBXFrameworksBuildPhase section */
		2A71182F1E20A442007892C7 /* Frameworks */ = {
			isa = PBXFrameworksBuildPhase;
			buildActionMask = 2147483647;
			files = (
			);
			runOnlyForDeploymentPostprocessing = 0;
		};
		2A7118431E20A444007892C7 /* Frameworks */ = {
			isa = PBXFrameworksBuildPhase;
			buildActionMask = 2147483647;
			files = (
			);
			runOnlyForDeploymentPostprocessing = 0;
		};
/* End PBXFrameworksBuildPhase section */

/* Begin PBXGroup section */
		2A7118291E20A441007892C7 = {
			isa = PBXGroup;
			children = (
				2A7118341E20A443007892C7 /* The-Shop-App */,
				2A7118491E20A444007892C7 /* The-Shop-AppTests */,
				2A7118331E20A443007892C7 /* Products */,
			);
			sourceTree = "<group>";
		};
		2A7118331E20A443007892C7 /* Products */ = {
			isa = PBXGroup;
			children = (
				2A7118321E20A443007892C7 /* The-Shop-App.app */,
				2A7118461E20A444007892C7 /* The-Shop-AppTests.xctest */,
			);
			name = Products;
			sourceTree = "<group>";
		};
		2A7118341E20A443007892C7 /* The-Shop-App */ = {
			isa = PBXGroup;
			children = (
				2A7118351E20A443007892C7 /* AppDelegate.swift */,
				2A7118371E20A443007892C7 /* ViewController.swift */,
				2A7118391E20A443007892C7 /* Main.storyboard */,
				2A71183C1E20A443007892C7 /* Assets.xcassets */,
				2A71183E1E20A443007892C7 /* LaunchScreen.storyboard */,
				2A7118411E20A443007892C7 /* Info.plist */,
			);
			path = "The-Shop-App";
			sourceTree = "<group>";
		};
		2A7118491E20A444007892C7 /* The-Shop-AppTests */ = {
			isa = PBXGroup;
			children = (
				2A71184A1E20A444007892C7 /* The_Shop_AppTests.swift */,
				2A71184C1E20A444007892C7 /* Info.plist */,
			);
			path = "The-Shop-AppTests";
			sourceTree = "<group>";
		};
/* End PBXGroup section */

/* Begin PBXNativeTarget section */
		2A7118311E20A442007892C7 /* The-Shop-App */ = {
			isa = PBXNativeTarget;
			buildConfigurationList = 2A71184F1E20A444007892C7 /* Build configuration list for PBXNativeTarget "The-Shop-App" */;
			buildPhases = (
				2A71182E1E20A442007892C7 /* Sources */,
				2A71182F1E20A442007892C7 /* Frameworks */,
				2A7118301E20A442007892C7 /* Resources */,
			);
			buildRules = (
			);
			dependencies = (
			);
			name = "The-Shop-App";
			productName = "The-Shop-App";
			productReference = 2A7118321E20A443007892C7 /* The-Shop-App.app */;
			productType = "com.apple.product-type.application";
		};
		2A7118451E20A444007892C7 /* The-Shop-AppTests */ = {
			isa = PBXNativeTarget;
			buildConfigurationList = 2A7118521E20A444007892C7 /* Build configuration list for PBXNativeTarget "The-Shop-AppTests" */;
			buildPhases = (
				2A7118421E20A444007892C7 /* Sources */,
				2A7118431E20A444007892C7 /* Frameworks */,
				2A7118441E20A444007892C7 /* Resources */,
			);
			buildRules = (
			);
			dependencies = (
				2A7118481E20A444007892C7 /* PBXTargetDependency */,
			);
			name = "The-Shop-AppTests";
			productName = "The-Shop-AppTests";
			productReference = 2A7118461E20A444007892C7 /* The-Shop-AppTests.xctest */;
			productType = "com.apple.product-type.bundle.unit-test";
		};
/* End PBXNativeTarget section */

/* Begin PBXProject section */
		2A71182A1E20A441007892C7 /* Project object */ = {
			isa = PBXProject;
			attributes = {
				LastSwiftUpdateCheck = 0820;
				LastUpgradeCheck = 0820;
				ORGANIZATIONNAME = "Doren Lan";
				TargetAttributes = {
					2A7118311E20A442007892C7 = {
						CreatedOnToolsVersion = 8.2.1;
						ProvisioningStyle = Automatic;
					};
					2A7118451E20A444007892C7 = {
						CreatedOnToolsVersion = 8.2.1;
						ProvisioningStyle = Automatic;
						TestTargetID = 2A7118311E20A442007892C7;
					};
				};
			};
			buildConfigurationList = 2A71182D1E20A441007892C7 /* Build configuration list for PBXProject "The-Shop-App" */;
			compatibilityVersion = "Xcode 3.2";
			developmentRegion = English;
			hasScannedForEncodings = 0;
			knownRegions = (
				en,
				Base,
			);
			mainGroup = 2A7118291E20A441007892C7;
			productRefGroup = 2A7118331E20A443007892C7 /* Products */;
			projectDirPath = "";
			projectRoot = "";
			targets = (
				2A7118311E20A442007892C7 /* The-Shop-App */,
				2A7118451E20A444007892C7 /* The-Shop-AppTests */,
			);
		};
/* End PBXProject section */

/* Begin PBXResourcesBuildPhase section */
		2A7118301E20A442007892C7 /* Resources */ = {
			isa = PBXResourcesBuildPhase;
			buildActionMask = 2147483647;
			files = (
				2A7118401E20A443007892C7 /* LaunchScreen.storyboard in Resources */,
				2A71183D1E20A443007892C7 /* Assets.xcassets in Resources */,
				2A71183B1E20A443007892C7 /* Main.storyboard in Resources */,
			);
			runOnlyForDeploymentPostprocessing = 0;
		};
		2A7118441E20A444007892C7 /* Resources */ = {
			isa = PBXResourcesBuildPhase;
			buildActionMask = 2147483647;
			files = (
			);
			runOnlyForDeploymentPostprocessing = 0;
		};
/* End PBXResourcesBuildPhase section */

/* Begin PBXSourcesBuildPhase section */
		2A71182E1E20A442007892C7 /* Sources */ = {
			isa = PBXSourcesBuildPhase;
			buildActionMask = 2147483647;
			files = (
				2A7118381E20A443007892C7 /* ViewController.swift in Sources */,
				2A7118361E20A443007892C7 /* AppDelegate.swift in Sources */,
			);
			runOnlyForDeploymentPostprocessing = 0;
		};
		2A7118421E20A444007892C7 /* Sources */ = {
			isa = PBXSourcesBuildPhase;
			buildActionMask = 2147483647;
			files = (
				2A71184B1E20A444007892C7 /* The_Shop_AppTests.swift in Sources */,
			);
			runOnlyForDeploymentPostprocessing = 0;
		};
/* End PBXSourcesBuildPhase section */

/* Begin PBXTargetDependency section */
		2A7118481E20A444007892C7 /* PBXTargetDependency */ = {
			isa = PBXTargetDependency;
			target = 2A7118311E20A442007892C7 /* The-Shop-App */;
			targetProxy = 2A7118471E20A444007892C7 /* PBXContainerItemProxy */;
		};
/* End PBXTargetDependency section */

/* Begin PBXVariantGroup section */
		2A7118391E20A443007892C7 /* Main.storyboard */ = {
			isa = PBXVariantGroup;
			children = (
				2A71183A1E20A443007892C7 /* Base */,
			);
			name = Main.storyboard;
			sourceTree = "<group>";
		};
		2A71183E1E20A443007892C7 /* LaunchScreen.storyboard */ = {
			isa = PBXVariantGroup;
			children = (
				2A71183F1E20A443007892C7 /* Base */,
			);
			name = LaunchScreen.storyboard;
			sourceTree = "<group>";
		};
/* End PBXVariantGroup section */

/* Begin XCBuildConfiguration section */
		2A71184D1E20A444007892C7 /* Debug */ = {
			isa = XCBuildConfiguration;
			buildSettings = {
				ALWAYS_SEARCH_USER_PATHS = NO;
				CLANG_ANALYZER_NONNULL = YES;
				CLANG_CXX_LANGUAGE_STANDARD = "gnu++0x";
				CLANG_CXX_LIBRARY = "libc++";
				CLANG_ENABLE_MODULES = YES;
				CLANG_ENABLE_OBJC_ARC = YES;
				CLANG_WARN_BOOL_CONVERSION = YES;
				CLANG_WARN_CONSTANT_CONVERSION = YES;
				CLANG_WARN_DIRECT_OBJC_ISA_USAGE = YES_ERROR;
				CLANG_WARN_DOCUMENTATION_COMMENTS = YES;
				CLANG_WARN_EMPTY_BODY = YES;
				CLANG_WARN_ENUM_CONVERSION = YES;
				CLANG_WARN_INFINITE_RECURSION = YES;
				CLANG_WARN_INT_CONVERSION = YES;
				CLANG_WARN_OBJC_ROOT_CLASS = YES_ERROR;
				CLANG_WARN_SUSPICIOUS_MOVE = YES;
				CLANG_WARN_UNREACHABLE_CODE = YES;
				CLANG_WARN__DUPLICATE_METHOD_MATCH = YES;
				"CODE_SIGN_IDENTITY[sdk=iphoneos*]" = "iPhone Developer";
				COPY_PHASE_STRIP = NO;
				DEBUG_INFORMATION_FORMAT = dwarf;
				ENABLE_STRICT_OBJC_MSGSEND = YES;
				ENABLE_TESTABILITY = YES;
				GCC_C_LANGUAGE_STANDARD = gnu99;
				GCC_DYNAMIC_NO_PIC = NO;
				GCC_NO_COMMON_BLOCKS = YES;
				GCC_OPTIMIZATION_LEVEL = 0;
				GCC_PREPROCESSOR_DEFINITIONS = (
					"DEBUG=1",
					"$(inherited)",
				);
				GCC_WARN_64_TO_32_BIT_CONVERSION = YES;
				GCC_WARN_ABOUT_RETURN_TYPE = YES_ERROR;
				GCC_WARN_UNDECLARED_SELECTOR = YES;
				GCC_WARN_UNINITIALIZED_AUTOS = YES_AGGRESSIVE;
				GCC_WARN_UNUSED_FUNCTION = YES;
				GCC_WARN_UNUSED_VARIABLE = YES;
				IPHONEOS_DEPLOYMENT_TARGET = 10.2;
				MTL_ENABLE_DEBUG_INFO = YES;
				ONLY_ACTIVE_ARCH = YES;
				SDKROOT = iphoneos;
				SWIFT_ACTIVE_COMPILATION_CONDITIONS = DEBUG;
				SWIFT_OPTIMIZATION_LEVEL = "-Onone";
				TARGETED_DEVICE_FAMILY = "1,2";
			};
			name = Debug;
		};
		2A71184E1E20A444007892C7 /* Release */ = {
			isa = XCBuildConfiguration;
			buildSettings = {
				ALWAYS_SEARCH_USER_PATHS = NO;
				CLANG_ANALYZER_NONNULL = YES;
				CLANG_CXX_LANGUAGE_STANDARD = "gnu++0x";
				CLANG_CXX_LIBRARY = "libc++";
				CLANG_ENABLE_MODULES = YES;
				CLANG_ENABLE_OBJC_ARC = YES;
				CLANG_WARN_BOOL_CONVERSION = YES;
				CLANG_WARN_CONSTANT_CONVERSION = YES;
				CLANG_WARN_DIRECT_OBJC_ISA_USAGE = YES_ERROR;
				CLANG_WARN_DOCUMENTATION_COMMENTS = YES;
				CLANG_WARN_EMPTY_BODY = YES;
				CLANG_WARN_ENUM_CONVERSION = YES;
				CLANG_WARN_INFINITE_RECURSION = YES;
				CLANG_WARN_INT_CONVERSION = YES;
				CLANG_WARN_OBJC_ROOT_CLASS = YES_ERROR;
				CLANG_WARN_SUSPICIOUS_MOVE = YES;
				CLANG_WARN_UNREACHABLE_CODE = YES;
				CLANG_WARN__DUPLICATE_METHOD_MATCH = YES;
				"CODE_SIGN_IDENTITY[sdk=iphoneos*]" = "iPhone Developer";
				COPY_PHASE_STRIP = NO;
				DEBUG_INFORMATION_FORMAT = "dwarf-with-dsym";
				ENABLE_NS_ASSERTIONS = NO;
				ENABLE_STRICT_OBJC_MSGSEND = YES;
				GCC_C_LANGUAGE_STANDARD = gnu99;
				GCC_NO_COMMON_BLOCKS = YES;
				GCC_WARN_64_TO_32_BIT_CONVERSION = YES;
				GCC_WARN_ABOUT_RETURN_TYPE = YES_ERROR;
				GCC_WARN_UNDECLARED_SELECTOR = YES;
				GCC_WARN_UNINITIALIZED_AUTOS = YES_AGGRESSIVE;
				GCC_WARN_UNUSED_FUNCTION = YES;
				GCC_WARN_UNUSED_VARIABLE = YES;
				IPHONEOS_DEPLOYMENT_TARGET = 10.2;
				MTL_ENABLE_DEBUG_INFO = NO;
				SDKROOT = iphoneos;
				SWIFT_OPTIMIZATION_LEVEL = "-Owholemodule";
				TARGETED_DEVICE_FAMILY = "1,2";
				VALIDATE_PRODUCT = YES;
			};
			name = Release;
		};
		2A7118501E20A444007892C7 /* Debug */ = {
			isa = XCBuildConfiguration;
			buildSettings = {
				ASSETCATALOG_COMPILER_APPICON_NAME = AppIcon;
				INFOPLIST_FILE = "The-Shop-App/Info.plist";
				LD_RUNPATH_SEARCH_PATHS = "$(inherited) @executable_path/Frameworks";
				PRODUCT_BUNDLE_IDENTIFIER = "com.dorenlan.The-Shop-App";
				PRODUCT_NAME = "$(TARGET_NAME)";
				SWIFT_VERSION = 3.0;
			};
			name = Debug;
		};
		2A7118511E20A444007892C7 /* Release */ = {
			isa = XCBuildConfiguration;
			buildSettings = {
				ASSETCATALOG_COMPILER_APPICON_NAME = AppIcon;
				INFOPLIST_FILE = "The-Shop-App/Info.plist";
				LD_RUNPATH_SEARCH_PATHS = "$(inherited) @executable_path/Frameworks";
				PRODUCT_BUNDLE_IDENTIFIER = "com.dorenlan.The-Shop-App";
				PRODUCT_NAME = "$(TARGET_NAME)";
				SWIFT_VERSION = 3.0;
			};
			name = Release;
		};
		2A7118531E20A444007892C7 /* Debug */ = {
			isa = XCBuildConfiguration;
			buildSettings = {
				ALWAYS_EMBED_SWIFT_STANDARD_LIBRARIES = YES;
				BUNDLE_LOADER = "$(TEST_HOST)";
				INFOPLIST_FILE = "The-Shop-AppTests/Info.plist";
				LD_RUNPATH_SEARCH_PATHS = "$(inherited) @executable_path/Frameworks @loader_path/Frameworks";
				PRODUCT_BUNDLE_IDENTIFIER = "com.dorenlan.The-Shop-AppTests";
				PRODUCT_NAME = "$(TARGET_NAME)";
				SWIFT_VERSION = 3.0;
				TEST_HOST = "$(BUILT_PRODUCTS_DIR)/The-Shop-App.app/The-Shop-App";
			};
			name = Debug;
		};
		2A7118541E20A444007892C7 /* Release */ = {
			isa = XCBuildConfiguration;
			buildSettings = {
				ALWAYS_EMBED_SWIFT_STANDARD_LIBRARIES = YES;
				BUNDLE_LOADER = "$(TEST_HOST)";
				INFOPLIST_FILE = "The-Shop-AppTests/Info.plist";
				LD_RUNPATH_SEARCH_PATHS = "$(inherited) @executable_path/Frameworks @loader_path/Frameworks";
				PRODUCT_BUNDLE_IDENTIFIER = "com.dorenlan.The-Shop-AppTests";
				PRODUCT_NAME = "$(TARGET_NAME)";
				SWIFT_VERSION = 3.0;
				TEST_HOST = "$(BUILT_PRODUCTS_DIR)/The-Shop-App.app/The-Shop-App";
			};
			name = Release;
		};
/* End XCBuildConfiguration section */

/* Begin XCConfigurationList section */
		2A71182D1E20A441007892C7 /* Build configuration list for PBXProject "The-Shop-App" */ = {
			isa = XCConfigurationList;
			buildConfigurations = (
				2A71184D1E20A444007892C7 /* Debug */,
				2A71184E1E20A444007892C7 /* Release */,
			);
			defaultConfigurationIsVisible = 0;
			defaultConfigurationName = Release;
		};
		2A71184F1E20A444007892C7 /* Build configuration list for PBXNativeTarget "The-Shop-App" */ = {
			isa = XCConfigurationList;
			buildConfigurations = (
				2A7118501E20A444007892C7 /* Debug */,
				2A7118511E20A444007892C7 /* Release */,
			);
			defaultConfigurationIsVisible = 0;
		};
		2A7118521E20A444007892C7 /* Build configuration list for PBXNativeTarget "The-Shop-AppTests" */ = {
			isa = XCConfigurationList;
			buildConfigurations = (
				2A7118531E20A444007892C7 /* Debug */,
				2A7118541E20A444007892C7 /* Release */,
			);
			defaultConfigurationIsVisible = 0;
		};
/* End XCConfigurationList section */
	};
	rootObject = 2A71182A1E20A441007892C7 /* Project object */;
}
